// !$*UTF8*$!
{
	archiveVersion = 1;
	classes = {
	};
	objectVersion = 71;
	objects = {

/* Begin PBXBuildFile section */
		BA0000000000000000000101 /* StickyNativeApp.swift in Sources */ = {isa = PBXBuildFile; fileRef = BA0000000000000000000001 /* StickyNativeApp.swift */; };
		BA0000000000000000000102 /* AppDelegate.swift in Sources */ = {isa = PBXBuildFile; fileRef = BA0000000000000000000002 /* AppDelegate.swift */; };
		BA0000000000000000000103 /* SeamlessWindow.swift in Sources */ = {isa = PBXBuildFile; fileRef = BA0000000000000000000003 /* SeamlessWindow.swift */; };
		BA0000000000000000000106 /* SeamlessHostingView.swift in Sources */ = {isa = PBXBuildFile; fileRef = BA0000000000000000000007 /* SeamlessHostingView.swift */; };
		BA0000000000000000000107 /* HotkeyManager.swift in Sources */ = {isa = PBXBuildFile; fileRef = BA0000000000000000000008 /* HotkeyManager.swift */; };
		BA0000000000000000000109 /* MemoWindow.swift in Sources */ = {isa = PBXBuildFile; fileRef = BA0000000000000000000010 /* MemoWindow.swift */; };
		BA0000000000000000000110 /* MemoEditorView.swift in Sources */ = {isa = PBXBuildFile; fileRef = BA0000000000000000000011 /* MemoEditorView.swift */; };
		BA0000000000000000000111 /* MemoWindowView.swift in Sources */ = {isa = PBXBuildFile; fileRef = BA0000000000000000000012 /* MemoWindowView.swift */; };
		BA0000000000000000000112 /* MemoWindowController.swift in Sources */ = {isa = PBXBuildFile; fileRef = BA0000000000000000000013 /* MemoWindowController.swift */; };
		BA0000000000000000000113 /* WindowManager.swift in Sources */ = {isa = PBXBuildFile; fileRef = BA0000000000000000000014 /* WindowManager.swift */; };
		BA0000000000000000000114 /* MenuBarController.swift in Sources */ = {isa = PBXBuildFile; fileRef = BA0000000000000000000015 /* MenuBarController.swift */; };
		BA0000000000000000000115 /* MemoWindowUIState.swift in Sources */ = {isa = PBXBuildFile; fileRef = BA0000000000000000000016 /* MemoWindowUIState.swift */; };
		BA0000000000000000000116 /* PersistenceModels.swift in Sources */ = {isa = PBXBuildFile; fileRef = BA0000000000000000000017 /* PersistenceModels.swift */; };
		BA0000000000000000000117 /* SQLiteStore.swift in Sources */ = {isa = PBXBuildFile; fileRef = BA0000000000000000000018 /* SQLiteStore.swift */; };
		BA0000000000000000000118 /* libsqlite3.tbd in Frameworks */ = {isa = PBXBuildFile; fileRef = BA0000000000000000000019 /* libsqlite3.tbd */; };
		BA0000000000000000000119 /* AutosaveScheduler.swift in Sources */ = {isa = PBXBuildFile; fileRef = BA0000000000000000000020 /* AutosaveScheduler.swift */; };
		BA0000000000000000000120 /* PersistenceCoordinator.swift in Sources */ = {isa = PBXBuildFile; fileRef = BA0000000000000000000021 /* PersistenceCoordinator.swift */; };
		BA0000000000000000000121 /* HomeViewModel.swift in Sources */ = {isa = PBXBuildFile; fileRef = BA0000000000000000000022 /* HomeViewModel.swift */; };
		BA0000000000000000000122 /* HomeView.swift in Sources */ = {isa = PBXBuildFile; fileRef = BA0000000000000000000023 /* HomeView.swift */; };
		BA0000000000000000000123 /* HomeWindowController.swift in Sources */ = {isa = PBXBuildFile; fileRef = BA0000000000000000000024 /* HomeWindowController.swift */; };
		BA0000000000000000000124 /* FolderStore.swift in Sources */ = {isa = PBXBuildFile; fileRef = BA0000000000000000000025 /* FolderStore.swift */; };
		BA0000000000000000000125 /* AppSettings.swift in Sources */ = {isa = PBXBuildFile; fileRef = BA0000000000000000000026 /* AppSettings.swift */; };
		BA0000000000000000000126 /* SettingsView.swift in Sources */ = {isa = PBXBuildFile; fileRef = BA0000000000000000000027 /* SettingsView.swift */; };
		BA0000000000000000000127 /* SettingsWindowController.swift in Sources */ = {isa = PBXBuildFile; fileRef = BA0000000000000000000028 /* SettingsWindowController.swift */; };
		BA0000000000000000000128 /* ShortcutsWindowController.swift in Sources */ = {isa = PBXBuildFile; fileRef = BA0000000000000000000029 /* ShortcutsWindowController.swift */; };
		BA0000000000000000000130 /* CommandTheme.swift in Sources */ = {isa = PBXBuildFile; fileRef = BA0000000000000000000131 /* CommandTheme.swift */; };
		BA0000000000000000000132 /* Assets.xcassets in Resources */ = {isa = PBXBuildFile; fileRef = BA0000000000000000000133 /* Assets.xcassets */; };
		BA0000000000000000000134 /* MemoColorTheme.swift in Sources */ = {isa = PBXBuildFile; fileRef = BA0000000000000000000135 /* MemoColorTheme.swift */; };
		BA0000000000000000000136 /* CheckableTextView.swift in Sources */ = {isa = PBXBuildFile; fileRef = BA0000000000000000000137 /* CheckableTextView.swift */; };
		BA0000000000000000000138 /* EditorCommand.swift in Sources */ = {isa = PBXBuildFile; fileRef = BA0000000000000000000139 /* EditorCommand.swift */; };
		BA0000000000000000000140 /* EditorTextOperations.swift in Sources */ = {isa = PBXBuildFile; fileRef = BA0000000000000000000141 /* EditorTextOperations.swift */; };
		BA0000000000000000000142 /* MemoTitleFormatter.swift in Sources */ = {isa = PBXBuildFile; fileRef = BA0000000000000000000143 /* MemoTitleFormatter.swift */; };
		BA0000000000000000000145 /* MemoTransferItem.swift in Sources */ = {isa = PBXBuildFile; fileRef = BA0000000000000000000146 /* MemoTransferItem.swift */; };
		BA0000000000000000000149 /* RichTextContentCodec.swift in Sources */ = {isa = PBXBuildFile; fileRef = BA0000000000000000000147 /* RichTextContentCodec.swift */; };
		BA0000000000000000000150 /* EditorContentFactory.swift in Sources */ = {isa = PBXBuildFile; fileRef = BA0000000000000000000148 /* EditorContentFactory.swift */; };
		BA0000000000000000000152 /* EditorContent.swift in Sources */ = {isa = PBXBuildFile; fileRef = BA0000000000000000000151 /* EditorContent.swift */; };
		BA0000000000000000000154 /* RichTextOperations.swift in Sources */ = {isa = PBXBuildFile; fileRef = BA0000000000000000000153 /* RichTextOperations.swift */; };
/* End PBXBuildFile section */

/* Begin PBXFileReference section */
		BA0000000000000000000001 /* StickyNativeApp.swift */ = {isa = PBXFileReference; lastKnownFileType = sourcecode.swift; path = StickyNativeApp.swift; sourceTree = "<group>"; };
		BA0000000000000000000002 /* AppDelegate.swift */ = {isa = PBXFileReference; lastKnownFileType = sourcecode.swift; path = AppDelegate.swift; sourceTree = "<group>"; };
		BA0000000000000000000003 /* SeamlessWindow.swift */ = {isa = PBXFileReference; lastKnownFileType = sourcecode.swift; path = SeamlessWindow.swift; sourceTree = "<group>"; };
		BA0000000000000000000006 /* StickyNative.app */ = {isa = PBXFileReference; explicitFileType = wrapper.application; includeInIndex = 0; path = StickyNative.app; sourceTree = BUILT_PRODUCTS_DIR; };
		BA0000000000000000000007 /* SeamlessHostingView.swift */ = {isa = PBXFileReference; lastKnownFileType = sourcecode.swift; path = SeamlessHostingView.swift; sourceTree = "<group>"; };
		BA0000000000000000000008 /* HotkeyManager.swift */ = {isa = PBXFileReference; lastKnownFileType = sourcecode.swift; path = HotkeyManager.swift; sourceTree = "<group>"; };
		BA0000000000000000000010 /* MemoWindow.swift */ = {isa = PBXFileReference; lastKnownFileType = sourcecode.swift; path = MemoWindow.swift; sourceTree = "<group>"; };
		BA0000000000000000000011 /* MemoEditorView.swift */ = {isa = PBXFileReference; lastKnownFileType = sourcecode.swift; path = MemoEditorView.swift; sourceTree = "<group>"; };
		BA0000000000000000000012 /* MemoWindowView.swift */ = {isa = PBXFileReference; lastKnownFileType = sourcecode.swift; path = MemoWindowView.swift; sourceTree = "<group>"; };
		BA0000000000000000000013 /* MemoWindowController.swift */ = {isa = PBXFileReference; lastKnownFileType = sourcecode.swift; path = MemoWindowController.swift; sourceTree = "<group>"; };
		BA0000000000000000000014 /* WindowManager.swift */ = {isa = PBXFileReference; lastKnownFileType = sourcecode.swift; path = WindowManager.swift; sourceTree = "<group>"; };
		BA0000000000000000000015 /* MenuBarController.swift */ = {isa = PBXFileReference; lastKnownFileType = sourcecode.swift; path = MenuBarController.swift; sourceTree = "<group>"; };
		BA0000000000000000000016 /* MemoWindowUIState.swift */ = {isa = PBXFileReference; lastKnownFileType = sourcecode.swift; path = MemoWindowUIState.swift; sourceTree = "<group>"; };
		BA0000000000000000000017 /* PersistenceModels.swift */ = {isa = PBXFileReference; lastKnownFileType = sourcecode.swift; path = PersistenceModels.swift; sourceTree = "<group>"; };
		BA0000000000000000000018 /* SQLiteStore.swift */ = {isa = PBXFileReference; lastKnownFileType = sourcecode.swift; path = SQLiteStore.swift; sourceTree = "<group>"; };
		BA0000000000000000000019 /* libsqlite3.tbd */ = {isa = PBXFileReference; lastKnownFileType = "sourcecode.text-based-dylib-definition"; name = libsqlite3.tbd; path = usr/lib/libsqlite3.tbd; sourceTree = SDKROOT; };
		BA0000000000000000000020 /* AutosaveScheduler.swift */ = {isa = PBXFileReference; lastKnownFileType = sourcecode.swift; path = AutosaveScheduler.swift; sourceTree = "<group>"; };
		BA0000000000000000000021 /* PersistenceCoordinator.swift */ = {isa = PBXFileReference; lastKnownFileType = sourcecode.swift; path = PersistenceCoordinator.swift; sourceTree = "<group>"; };
		BA0000000000000000000022 /* HomeViewModel.swift */ = {isa = PBXFileReference; lastKnownFileType = sourcecode.swift; path = HomeViewModel.swift; sourceTree = "<group>"; };
		BA0000000000000000000023 /* HomeView.swift */ = {isa = PBXFileReference; lastKnownFileType = sourcecode.swift; path = HomeView.swift; sourceTree = "<group>"; };
		BA0000000000000000000024 /* HomeWindowController.swift */ = {isa = PBXFileReference; lastKnownFileType = sourcecode.swift; path = HomeWindowController.swift; sourceTree = "<group>"; };
		BA0000000000000000000025 /* FolderStore.swift */ = {isa = PBXFileReference; lastKnownFileType = sourcecode.swift; path = FolderStore.swift; sourceTree = "<group>"; };
		BA0000000000000000000026 /* AppSettings.swift */ = {isa = PBXFileReference; lastKnownFileType = sourcecode.swift; path = AppSettings.swift; sourceTree = "<group>"; };
		BA0000000000000000000027 /* SettingsView.swift */ = {isa = PBXFileReference; lastKnownFileType = sourcecode.swift; path = SettingsView.swift; sourceTree = "<group>"; };
		BA0000000000000000000028 /* SettingsWindowController.swift */ = {isa = PBXFileReference; lastKnownFileType = sourcecode.swift; path = SettingsWindowController.swift; sourceTree = "<group>"; };
		BA0000000000000000000029 /* ShortcutsWindowController.swift */ = {isa = PBXFileReference; lastKnownFileType = sourcecode.swift; path = ShortcutsWindowController.swift; sourceTree = "<group>"; };
		BA0000000000000000000131 /* CommandTheme.swift */ = {isa = PBXFileReference; lastKnownFileType = sourcecode.swift; path = CommandTheme.swift; sourceTree = "<group>"; };
		BA0000000000000000000133 /* Assets.xcassets */ = {isa = PBXFileReference; lastKnownFileType = folder.assetcatalog; path = Assets.xcassets; sourceTree = "<group>"; };
		BA0000000000000000000135 /* MemoColorTheme.swift */ = {isa = PBXFileReference; lastKnownFileType = sourcecode.swift; path = MemoColorTheme.swift; sourceTree = "<group>"; };
		BA0000000000000000000137 /* CheckableTextView.swift */ = {isa = PBXFileReference; lastKnownFileType = sourcecode.swift; path = CheckableTextView.swift; sourceTree = "<group>"; };
		BA0000000000000000000139 /* EditorCommand.swift */ = {isa = PBXFileReference; lastKnownFileType = sourcecode.swift; path = EditorCommand.swift; sourceTree = "<group>"; };
		BA0000000000000000000141 /* EditorTextOperations.swift */ = {isa = PBXFileReference; lastKnownFileType = sourcecode.swift; path = EditorTextOperations.swift; sourceTree = "<group>"; };
		BA0000000000000000000143 /* MemoTitleFormatter.swift */ = {isa = PBXFileReference; lastKnownFileType = sourcecode.swift; path = MemoTitleFormatter.swift; sourceTree = "<group>"; };
		BA0000000000000000000146 /* MemoTransferItem.swift */ = {isa = PBXFileReference; lastKnownFileType = sourcecode.swift; path = MemoTransferItem.swift; sourceTree = "<group>"; };
		BA0000000000000000000147 /* RichTextContentCodec.swift */ = {isa = PBXFileReference; lastKnownFileType = sourcecode.swift; path = RichTextContentCodec.swift; sourceTree = "<group>"; };
		BA0000000000000000000148 /* EditorContentFactory.swift */ = {isa = PBXFileReference; lastKnownFileType = sourcecode.swift; path = EditorContentFactory.swift; sourceTree = "<group>"; };
		BA0000000000000000000151 /* EditorContent.swift */ = {isa = PBXFileReference; lastKnownFileType = sourcecode.swift; path = EditorContent.swift; sourceTree = "<group>"; };
		BA0000000000000000000153 /* RichTextOperations.swift */ = {isa = PBXFileReference; lastKnownFileType = sourcecode.swift; path = RichTextOperations.swift; sourceTree = "<group>"; };
/* End PBXFileReference section */

/* Begin PBXFrameworksBuildPhase section */
		BA0000000000000000000201 /* Frameworks */ = {
			isa = PBXFrameworksBuildPhase;
			buildActionMask = 2147483647;
			files = (
				BA0000000000000000000118 /* libsqlite3.tbd in Frameworks */,
			);
			runOnlyForDeploymentPostprocessing = 0;
		};
/* End PBXFrameworksBuildPhase section */

/* Begin PBXGroup section */
		BA0000000000000000000301 = {
			isa = PBXGroup;
			children = (
				BA0000000000000000000302 /* StickyNativeApp */,
				BA0000000000000000000303 /* Products */,
				BA0000000000000000000019 /* libsqlite3.tbd */,
			);
			sourceTree = "<group>";
		};
		BA0000000000000000000302 /* StickyNativeApp */ = {
			isa = PBXGroup;
			children = (
				BA0000000000000000000133 /* Assets.xcassets */,
				BA0000000000000000000001 /* StickyNativeApp.swift */,
				BA0000000000000000000002 /* AppDelegate.swift */,
				BA0000000000000000000003 /* SeamlessWindow.swift */,
				BA0000000000000000000007 /* SeamlessHostingView.swift */,
				BA0000000000000000000008 /* HotkeyManager.swift */,
				BA0000000000000000000010 /* MemoWindow.swift */,
				BA0000000000000000000011 /* MemoEditorView.swift */,
				BA0000000000000000000137 /* CheckableTextView.swift */,
				BA0000000000000000000139 /* EditorCommand.swift */,
				BA0000000000000000000141 /* EditorTextOperations.swift */,
				BA0000000000000000000147 /* RichTextContentCodec.swift */,
				BA0000000000000000000148 /* EditorContentFactory.swift */,
				BA0000000000000000000151 /* EditorContent.swift */,
				BA0000000000000000000153 /* RichTextOperations.swift */,
				BA0000000000000000000143 /* MemoTitleFormatter.swift */,
				BA0000000000000000000012 /* MemoWindowView.swift */,
				BA0000000000000000000013 /* MemoWindowController.swift */,
				BA0000000000000000000014 /* WindowManager.swift */,
				BA0000000000000000000015 /* MenuBarController.swift */,
				BA0000000000000000000016 /* MemoWindowUIState.swift */,
				BA0000000000000000000017 /* PersistenceModels.swift */,
				BA0000000000000000000018 /* SQLiteStore.swift */,
				BA0000000000000000000020 /* AutosaveScheduler.swift */,
				BA0000000000000000000022 /* HomeViewModel.swift */,
				BA0000000000000000000023 /* HomeView.swift */,
				BA0000000000000000000024 /* HomeWindowController.swift */,
				BA0000000000000000000025 /* FolderStore.swift */,
				BA0000000000000000000146 /* MemoTransferItem.swift */,
				BA0000000000000000000026 /* AppSettings.swift */,
				BA0000000000000000000027 /* SettingsView.swift */,
				BA0000000000000000000028 /* SettingsWindowController.swift */,
				BA0000000000000000000029 /* ShortcutsWindowController.swift */,
				BA0000000000000000000131 /* CommandTheme.swift */,
				BA0000000000000000000135 /* MemoColorTheme.swift */,
				BA0000000000000000000021 /* PersistenceCoordinator.swift */,
			);
			path = StickyNativeApp;
			sourceTree = "<group>";
		};
		BA0000000000000000000303 /* Products */ = {
			isa = PBXGroup;
			children = (
				BA0000000000000000000006 /* StickyNative.app */,
			);
			name = Products;
			sourceTree = "<group>";
		};
/* End PBXGroup section */

/* Begin PBXNativeTarget section */
		BA0000000000000000000401 /* StickyNative */ = {
			isa = PBXNativeTarget;
			buildConfigurationList = BA0000000000000000000602 /* Build configuration list for PBXNativeTarget "StickyNative" */;
			buildPhases = (
				BA0000000000000000000202 /* Sources */,
				BA0000000000000000000201 /* Frameworks */,
				BA0000000000000000000203 /* Resources */,
			);
			buildRules = (
			);
			dependencies = (
			);
			name = StickyNative;
			productName = StickyNative;
			productReference = BA0000000000000000000006 /* StickyNative.app */;
			productType = "com.apple.product-type.application";
		};
/* End PBXNativeTarget section */

/* Begin PBXProject section */
		BA0000000000000000000501 /* Project object */ = {
			isa = PBXProject;
			attributes = {
				BuildIndependentTargetsInParallel = 1;
				LastSwiftUpdateCheck = 2610;
				LastUpgradeCheck = 2610;
				TargetAttributes = {
					BA0000000000000000000401 = {
						CreatedOnToolsVersion = 26.1.1;
					};
				};
			};
			buildConfigurationList = BA0000000000000000000601 /* Build configuration list for PBXProject "StickyNative" */;
			compatibilityVersion = "Xcode 16.0";
			developmentRegion = en;
			hasScannedForEncodings = 0;
			knownRegions = (
				en,
				Base,
			);
			mainGroup = BA0000000000000000000301;
			productRefGroup = BA0000000000000000000303 /* Products */;
			projectDirPath = "";
			projectRoot = "";
			targets = (
				BA0000000000000000000401 /* StickyNative */,
			);
		};
/* End PBXProject section */

/* Begin PBXResourcesBuildPhase section */
		BA0000000000000000000203 /* Resources */ = {
			isa = PBXResourcesBuildPhase;
			buildActionMask = 2147483647;
			files = (
				BA0000000000000000000132 /* Assets.xcassets in Resources */,
			);
			runOnlyForDeploymentPostprocessing = 0;
		};
/* End PBXResourcesBuildPhase section */

/* Begin PBXSourcesBuildPhase section */
		BA0000000000000000000202 /* Sources */ = {
			isa = PBXSourcesBuildPhase;
			buildActionMask = 2147483647;
			files = (
				BA0000000000000000000101 /* StickyNativeApp.swift in Sources */,
				BA0000000000000000000102 /* AppDelegate.swift in Sources */,
				BA0000000000000000000103 /* SeamlessWindow.swift in Sources */,
				BA0000000000000000000106 /* SeamlessHostingView.swift in Sources */,
				BA0000000000000000000107 /* HotkeyManager.swift in Sources */,
				BA0000000000000000000109 /* MemoWindow.swift in Sources */,
				BA0000000000000000000110 /* MemoEditorView.swift in Sources */,
				BA0000000000000000000111 /* MemoWindowView.swift in Sources */,
				BA0000000000000000000112 /* MemoWindowController.swift in Sources */,
				BA0000000000000000000113 /* WindowManager.swift in Sources */,
				BA0000000000000000000114 /* MenuBarController.swift in Sources */,
				BA0000000000000000000115 /* MemoWindowUIState.swift in Sources */,
				BA0000000000000000000116 /* PersistenceModels.swift in Sources */,
				BA0000000000000000000117 /* SQLiteStore.swift in Sources */,
				BA0000000000000000000119 /* AutosaveScheduler.swift in Sources */,
				BA0000000000000000000120 /* PersistenceCoordinator.swift in Sources */,
				BA0000000000000000000121 /* HomeViewModel.swift in Sources */,
				BA0000000000000000000122 /* HomeView.swift in Sources */,
				BA0000000000000000000123 /* HomeWindowController.swift in Sources */,
				BA0000000000000000000124 /* FolderStore.swift in Sources */,
				BA0000000000000000000145 /* MemoTransferItem.swift in Sources */,
				BA0000000000000000000125 /* AppSettings.swift in Sources */,
				BA0000000000000000000126 /* SettingsView.swift in Sources */,
				BA0000000000000000000127 /* SettingsWindowController.swift in Sources */,
				BA0000000000000000000128 /* ShortcutsWindowController.swift in Sources */,
				BA0000000000000000000130 /* CommandTheme.swift in Sources */,
				BA0000000000000000000134 /* MemoColorTheme.swift in Sources */,
				BA0000000000000000000136 /* CheckableTextView.swift in Sources */,
				BA0000000000000000000138 /* EditorCommand.swift in Sources */,
				BA0000000000000000000140 /* EditorTextOperations.swift in Sources */,
				BA0000000000000000000149 /* RichTextContentCodec.swift in Sources */,
				BA0000000000000000000150 /* EditorContentFactory.swift in Sources */,
				BA0000000000000000000152 /* EditorContent.swift in Sources */,
				BA0000000000000000000154 /* RichTextOperations.swift in Sources */,
				BA0000000000000000000142 /* MemoTitleFormatter.swift in Sources */,
			);
			runOnlyForDeploymentPostprocessing = 0;
		};
/* End PBXSourcesBuildPhase section */

/* Begin XCBuildConfiguration section */
		BA0000000000000000000701 /* Debug */ = {
			isa = XCBuildConfiguration;
			buildSettings = {
				ALWAYS_SEARCH_USER_PATHS = NO;
				CLANG_ENABLE_MODULES = YES;
				COPY_PHASE_STRIP = NO;
				DEBUG_INFORMATION_FORMAT = dwarf;
				ENABLE_STRICT_OBJC_MSGSEND = YES;
				GCC_C_LANGUAGE_STANDARD = gnu17;
				MACOSX_DEPLOYMENT_TARGET = 14.0;
				SDKROOT = macosx;
				SWIFT_VERSION = 5.0;
			};
			name = Debug;
		};
		BA0000000000000000000702 /* Release */ = {
			isa = XCBuildConfiguration;
			buildSettings = {
				ALWAYS_SEARCH_USER_PATHS = NO;
				CLANG_ENABLE_MODULES = YES;
				COPY_PHASE_STRIP = NO;
				DEBUG_INFORMATION_FORMAT = "dwarf-with-dsym";
				ENABLE_NS_ASSERTIONS = NO;
				ENABLE_STRICT_OBJC_MSGSEND = YES;
				GCC_C_LANGUAGE_STANDARD = gnu17;
				MACOSX_DEPLOYMENT_TARGET = 14.0;
				SDKROOT = macosx;
				SWIFT_VERSION = 5.0;
			};
			name = Release;
		};
		BA0000000000000000000703 /* Debug */ = {
			isa = XCBuildConfiguration;
			buildSettings = {
				ASSETCATALOG_COMPILER_APPICON_NAME = AppIcon;
				AUTOMATION_APPLE_EVENTS = NO;
				CODE_SIGNING_ALLOWED = YES;
				CODE_SIGN_ENTITLEMENTS = StickyNativeApp/StickyNative.entitlements;
				CODE_SIGN_IDENTITY = "Apple Development";
				CODE_SIGN_STYLE = Manual;
				CURRENT_PROJECT_VERSION = 11;
				DEVELOPMENT_TEAM = "";
				"DEVELOPMENT_TEAM[sdk=macosx*]" = TB836R97BV;
				ENABLE_APP_SANDBOX = YES;
				ENABLE_HARDENED_RUNTIME = YES;
				ENABLE_INCOMING_NETWORK_CONNECTIONS = NO;
				ENABLE_OUTGOING_NETWORK_CONNECTIONS = NO;
				ENABLE_RESOURCE_ACCESS_AUDIO_INPUT = NO;
				ENABLE_RESOURCE_ACCESS_BLUETOOTH = NO;
				ENABLE_RESOURCE_ACCESS_CALENDARS = NO;
				ENABLE_RESOURCE_ACCESS_CAMERA = NO;
				ENABLE_RESOURCE_ACCESS_CONTACTS = NO;
				ENABLE_RESOURCE_ACCESS_LOCATION = NO;
				ENABLE_RESOURCE_ACCESS_PHOTO_LIBRARY = NO;
				ENABLE_RESOURCE_ACCESS_PRINTING = NO;
				ENABLE_RESOURCE_ACCESS_USB = NO;
				GENERATE_INFOPLIST_FILE = NO;
				INFOPLIST_FILE = StickyNativeApp/Info.plist;
				MACOSX_DEPLOYMENT_TARGET = 14.6;
				MARKETING_VERSION = 1.2.0;
				PRODUCT_BUNDLE_IDENTIFIER = com.hori.StickyNative;
				PRODUCT_NAME = "$(TARGET_NAME)";
				PROVISIONING_PROFILE_SPECIFIER = "";
				RUNTIME_EXCEPTION_ALLOW_DYLD_ENVIRONMENT_VARIABLES = NO;
				RUNTIME_EXCEPTION_ALLOW_JIT = NO;
				RUNTIME_EXCEPTION_ALLOW_UNSIGNED_EXECUTABLE_MEMORY = NO;
				RUNTIME_EXCEPTION_DEBUGGING_TOOL = NO;
				RUNTIME_EXCEPTION_DISABLE_EXECUTABLE_PAGE_PROTECTION = NO;
				RUNTIME_EXCEPTION_DISABLE_LIBRARY_VALIDATION = NO;
				SDKROOT = macosx;
				SWIFT_EMIT_LOC_STRINGS = YES;
				SWIFT_VERSION = 5.0;
			};
			name = Debug;
		};
		BA0000000000000000000704 /* Release */ = {
			isa = XCBuildConfiguration;
			buildSettings = {
				ASSETCATALOG_COMPILER_APPICON_NAME = AppIcon;
				AUTOMATION_APPLE_EVENTS = NO;
				CODE_SIGNING_ALLOWED = YES;
				CODE_SIGN_ENTITLEMENTS = StickyNativeApp/StickyNative.entitlements;
				CODE_SIGN_IDENTITY = "Developer ID Application";
				CODE_SIGN_INJECT_BASE_ENTITLEMENTS = NO;
				CODE_SIGN_STYLE = Manual;
				CURRENT_PROJECT_VERSION = 11;
				DEVELOPMENT_TEAM = "";
				"DEVELOPMENT_TEAM[sdk=macosx*]" = TB836R97BV;
				ENABLE_APP_SANDBOX = YES;
				ENABLE_HARDENED_RUNTIME = YES;
				ENABLE_INCOMING_NETWORK_CONNECTIONS = NO;
				ENABLE_OUTGOING_NETWORK_CONNECTIONS = NO;
				ENABLE_RESOURCE_ACCESS_AUDIO_INPUT = NO;
				ENABLE_RESOURCE_ACCESS_BLUETOOTH = NO;
				ENABLE_RESOURCE_ACCESS_CALENDARS = NO;
				ENABLE_RESOURCE_ACCESS_CAMERA = NO;
				ENABLE_RESOURCE_ACCESS_CONTACTS = NO;
				ENABLE_RESOURCE_ACCESS_LOCATION = NO;
				ENABLE_RESOURCE_ACCESS_PHOTO_LIBRARY = NO;
				ENABLE_RESOURCE_ACCESS_PRINTING = NO;
				ENABLE_RESOURCE_ACCESS_USB = NO;
				GENERATE_INFOPLIST_FILE = NO;
				INFOPLIST_FILE = StickyNativeApp/Info.plist;
				MACOSX_DEPLOYMENT_TARGET = 14.6;
				MARKETING_VERSION = 1.2.0;
				PRODUCT_BUNDLE_IDENTIFIER = com.hori.StickyNative;
				PRODUCT_NAME = "$(TARGET_NAME)";
				PROVISIONING_PROFILE_SPECIFIER = "";
				RUNTIME_EXCEPTION_ALLOW_DYLD_ENVIRONMENT_VARIABLES = NO;
				RUNTIME_EXCEPTION_ALLOW_JIT = NO;
				RUNTIME_EXCEPTION_ALLOW_UNSIGNED_EXECUTABLE_MEMORY = NO;
				RUNTIME_EXCEPTION_DEBUGGING_TOOL = NO;
				RUNTIME_EXCEPTION_DISABLE_EXECUTABLE_PAGE_PROTECTION = NO;
				RUNTIME_EXCEPTION_DISABLE_LIBRARY_VALIDATION = NO;
				SDKROOT = macosx;
				SWIFT_EMIT_LOC_STRINGS = YES;
				SWIFT_VERSION = 5.0;
			};
			name = Release;
		};
/* End XCBuildConfiguration section */

/* Begin XCConfigurationList section */
		BA0000000000000000000601 /* Build configuration list for PBXProject "StickyNative" */ = {
			isa = XCConfigurationList;
			buildConfigurations = (
				BA0000000000000000000701 /* Debug */,
				BA0000000000000000000702 /* Release */,
			);
			defaultConfigurationIsVisible = 0;
			defaultConfigurationName = Release;
		};
		BA0000000000000000000602 /* Build configuration list for PBXNativeTarget "StickyNative" */ = {
			isa = XCConfigurationList;
			buildConfigurations = (
				BA0000000000000000000703 /* Debug */,
				BA0000000000000000000704 /* Release */,
			);
			defaultConfigurationIsVisible = 0;
			defaultConfigurationName = Release;
		};
/* End XCConfigurationList section */
	};
	rootObject = BA0000000000000000000501 /* Project object */;
}
